
Microsoft Visual Studio Solution File, Format Version 12.00
# Visual Studio 15
VisualStudioVersion = 15.0.28307.705
MinimumVisualStudioVersion = 10.0.40219.1
Project("{FAE04EC0-301F-11D3-BF4B-00C04F79EFBC}") = "FillTextureWithColor", "FillTextureWithColor\FillTextureWithColor.csproj", "{6D131FC2-2107-4AE1-8E52-A792068D48C9}"
EndProject
Global
	GlobalSection(SolutionConfigurationPlatforms) = preSolution
		Debug|x86 = Debug|x86
		Release|x86 = Release|x86
	EndGlobalSection
	GlobalSection(ProjectConfigurationPlatforms) = postSolution
		{6D131FC2-2107-4AE1-8E52-A792068D48C9}.Debug|x86.ActiveCfg = Debug|x86
		{6D131FC2-2107-4AE1-8E52-A792068D48C9}.Debug|x86.Build.0 = Debug|x86
		{6D131FC2-2107-4AE1-8E52-A792068D48C9}.Release|x86.ActiveCfg = Release|x86
		{6D131FC2-2107-4AE1-8E52-A792068D48C9}.Release|x86.Build.0 = Release|x86
	EndGlobalSection
	GlobalSection(SolutionProperties) = preSolution
		HideSolutionNode = FALSE
	EndGlobalSection
	GlobalSection(ExtensibilityGlobals) = postSolution
		SolutionGuid = {23B9D592-ACD2-49F8-9406-90C46737106B}
	EndGlobalSection
EndGlobal
