
Microsoft Visual Studio Solution File, Format Version 12.00
# Visual Studio 15
VisualStudioVersion = 15.0.28307.705
MinimumVisualStudioVersion = 10.0.40219.1
Project("{FAE04EC0-301F-11D3-BF4B-00C04F79EFBC}") = "GamePadDemo", "GamePadDemo\GamePadDemo.csproj", "{9D7B0FD7-1CFF-4AB0-8583-D3CB4C05F8FF}"
EndProject
Global
	GlobalSection(SolutionConfigurationPlatforms) = preSolution
		Debug|x86 = Debug|x86
		Release|x86 = Release|x86
	EndGlobalSection
	GlobalSection(ProjectConfigurationPlatforms) = postSolution
		{9D7B0FD7-1CFF-4AB0-8583-D3CB4C05F8FF}.Debug|x86.ActiveCfg = Debug|x86
		{9D7B0FD7-1CFF-4AB0-8583-D3CB4C05F8FF}.Debug|x86.Build.0 = Debug|x86
		{9D7B0FD7-1CFF-4AB0-8583-D3CB4C05F8FF}.Release|x86.ActiveCfg = Release|x86
		{9D7B0FD7-1CFF-4AB0-8583-D3CB4C05F8FF}.Release|x86.Build.0 = Release|x86
	EndGlobalSection
	GlobalSection(SolutionProperties) = preSolution
		HideSolutionNode = FALSE
	EndGlobalSection
	GlobalSection(ExtensibilityGlobals) = postSolution
		SolutionGuid = {CE95E904-1DD4-417B-B0CA-00BE8FF1955E}
	EndGlobalSection
EndGlobal
